// !$*UTF8*$!
{
	archiveVersion = 1;
	classes = {
	};
	objectVersion = 50;
	objects = {

/* Begin PBXBuildFile section */
		57DC0DFF25CCE28900B1EF6B /* SwiftUI_WeatherApp.swift in Sources */ = {isa = PBXBuildFile; fileRef = 57DC0DFE25CCE28900B1EF6B /* SwiftUI_WeatherApp.swift */; };
		57DC0E0125CCE28900B1EF6B /* ContentView.swift in Sources */ = {isa = PBXBuildFile; fileRef = 57DC0E0025CCE28900B1EF6B /* ContentView.swift */; };
		57DC0E0325CCE28A00B1EF6B /* Assets.xcassets in Resources */ = {isa = PBXBuildFile; fileRef = 57DC0E0225CCE28A00B1EF6B /* Assets.xcassets */; };
		57DC0E0625CCE28A00B1EF6B /* Preview Assets.xcassets in Resources */ = {isa = PBXBuildFile; fileRef = 57DC0E0525CCE28A00B1EF6B /* Preview Assets.xcassets */; };
		57DC0E1125CCE28A00B1EF6B /* SwiftUI_WeatherTests.swift in Sources */ = {isa = PBXBuildFile; fileRef = 57DC0E1025CCE28A00B1EF6B /* SwiftUI_WeatherTests.swift */; };
		57DC0E1C25CCE28A00B1EF6B /* SwiftUI_WeatherUITests.swift in Sources */ = {isa = PBXBuildFile; fileRef = 57DC0E1B25CCE28A00B1EF6B /* SwiftUI_WeatherUITests.swift */; };
		57DC0E2D25CD0A1E00B1EF6B /* WeatherButton.swift in Sources */ = {isa = PBXBuildFile; fileRef = 57DC0E2C25CD0A1E00B1EF6B /* WeatherButton.swift */; };
		57DC0E3225CD0FD900B1EF6B /* Day.swift in Sources */ = {isa = PBXBuildFile; fileRef = 57DC0E3125CD0FD900B1EF6B /* Day.swift */; };
/* End PBXBuildFile section */

/* Begin PBXContainerItemProxy section */
		57DC0E0D25CCE28A00B1EF6B /* PBXContainerItemProxy */ = {
			isa = PBXContainerItemProxy;
			containerPortal = 57DC0DF325CCE28900B1EF6B /* Project object */;
			proxyType = 1;
			remoteGlobalIDString = 57DC0DFA25CCE28900B1EF6B;
			remoteInfo = "SwiftUI-Weather";
		};
		57DC0E1825CCE28A00B1EF6B /* PBXContainerItemProxy */ = {
			isa = PBXContainerItemProxy;
			containerPortal = 57DC0DF325CCE28900B1EF6B /* Project object */;
			proxyType = 1;
			remoteGlobalIDString = 57DC0DFA25CCE28900B1EF6B;
			remoteInfo = "SwiftUI-Weather";
		};
/* End PBXContainerItemProxy section */

/* Begin PBXFileReference section */
		57DC0DFB25CCE28900B1EF6B /* SwiftUI-Weather.app */ = {isa = PBXFileReference; explicitFileType = wrapper.application; includeInIndex = 0; path = "SwiftUI-Weather.app"; sourceTree = BUILT_PRODUCTS_DIR; };
		57DC0DFE25CCE28900B1EF6B /* SwiftUI_WeatherApp.swift */ = {isa = PBXFileReference; lastKnownFileType = sourcecode.swift; path = SwiftUI_WeatherApp.swift; sourceTree = "<group>"; };
		57DC0E0025CCE28900B1EF6B /* ContentView.swift */ = {isa = PBXFileReference; lastKnownFileType = sourcecode.swift; path = ContentView.swift; sourceTree = "<group>"; };
		57DC0E0225CCE28A00B1EF6B /* Assets.xcassets */ = {isa = PBXFileReference; lastKnownFileType = folder.assetcatalog; path = Assets.xcassets; sourceTree = "<group>"; };
		57DC0E0525CCE28A00B1EF6B /* Preview Assets.xcassets */ = {isa = PBXFileReference; lastKnownFileType = folder.assetcatalog; path = "Preview Assets.xcassets"; sourceTree = "<group>"; };
		57DC0E0725CCE28A00B1EF6B /* Info.plist */ = {isa = PBXFileReference; lastKnownFileType = text.plist.xml; path = Info.plist; sourceTree = "<group>"; };
		57DC0E0C25CCE28A00B1EF6B /* SwiftUI-WeatherTests.xctest */ = {isa = PBXFileReference; explicitFileType = wrapper.cfbundle; includeInIndex = 0; path = "SwiftUI-WeatherTests.xctest"; sourceTree = BUILT_PRODUCTS_DIR; };
		57DC0E1025CCE28A00B1EF6B /* SwiftUI_WeatherTests.swift */ = {isa = PBXFileReference; lastKnownFileType = sourcecode.swift; path = SwiftUI_WeatherTests.swift; sourceTree = "<group>"; };
		57DC0E1225CCE28A00B1EF6B /* Info.plist */ = {isa = PBXFileReference; lastKnownFileType = text.plist.xml; path = Info.plist; sourceTree = "<group>"; };
		57DC0E1725CCE28A00B1EF6B /* SwiftUI-WeatherUITests.xctest */ = {isa = PBXFileReference; explicitFileType = wrapper.cfbundle; includeInIndex = 0; path = "SwiftUI-WeatherUITests.xctest"; sourceTree = BUILT_PRODUCTS_DIR; };
		57DC0E1B25CCE28A00B1EF6B /* SwiftUI_WeatherUITests.swift */ = {isa = PBXFileReference; lastKnownFileType = sourcecode.swift; path = SwiftUI_WeatherUITests.swift; sourceTree = "<group>"; };
		57DC0E1D25CCE28A00B1EF6B /* Info.plist */ = {isa = PBXFileReference; lastKnownFileType = text.plist.xml; path = Info.plist; sourceTree = "<group>"; };
		57DC0E2C25CD0A1E00B1EF6B /* WeatherButton.swift */ = {isa = PBXFileReference; lastKnownFileType = sourcecode.swift; path = WeatherButton.swift; sourceTree = "<group>"; };
		57DC0E3125CD0FD900B1EF6B /* Day.swift */ = {isa = PBXFileReference; lastKnownFileType = sourcecode.swift; path = Day.swift; sourceTree = "<group>"; };
/* End PBXFileReference section */

/* Begin PBXFrameworksBuildPhase section */
		57DC0DF825CCE28900B1EF6B /* Frameworks */ = {
			isa = PBXFrameworksBuildPhase;
			buildActionMask = 2147483647;
			files = (
			);
			runOnlyForDeploymentPostprocessing = 0;
		};
		57DC0E0925CCE28A00B1EF6B /* Frameworks */ = {
			isa = PBXFrameworksBuildPhase;
			buildActionMask = 2147483647;
			files = (
			);
			runOnlyForDeploymentPostprocessing = 0;
		};
		57DC0E1425CCE28A00B1EF6B /* Frameworks */ = {
			isa = PBXFrameworksBuildPhase;
			buildActionMask = 2147483647;
			files = (
			);
			runOnlyForDeploymentPostprocessing = 0;
		};
/* End PBXFrameworksBuildPhase section */

/* Begin PBXGroup section */
		57DC0DF225CCE28900B1EF6B = {
			isa = PBXGroup;
			children = (
				57DC0DFD25CCE28900B1EF6B /* SwiftUI-Weather */,
				57DC0E0F25CCE28A00B1EF6B /* SwiftUI-WeatherTests */,
				57DC0E1A25CCE28A00B1EF6B /* SwiftUI-WeatherUITests */,
				57DC0DFC25CCE28900B1EF6B /* Products */,
			);
			sourceTree = "<group>";
		};
		57DC0DFC25CCE28900B1EF6B /* Products */ = {
			isa = PBXGroup;
			children = (
				57DC0DFB25CCE28900B1EF6B /* SwiftUI-Weather.app */,
				57DC0E0C25CCE28A00B1EF6B /* SwiftUI-WeatherTests.xctest */,
				57DC0E1725CCE28A00B1EF6B /* SwiftUI-WeatherUITests.xctest */,
			);
			name = Products;
			sourceTree = "<group>";
		};
		57DC0DFD25CCE28900B1EF6B /* SwiftUI-Weather */ = {
			isa = PBXGroup;
			children = (
				57DC0DFE25CCE28900B1EF6B /* SwiftUI_WeatherApp.swift */,
				57DC0E0025CCE28900B1EF6B /* ContentView.swift */,
				57DC0E2C25CD0A1E00B1EF6B /* WeatherButton.swift */,
				57DC0E3125CD0FD900B1EF6B /* Day.swift */,
				57DC0E0225CCE28A00B1EF6B /* Assets.xcassets */,
				57DC0E0725CCE28A00B1EF6B /* Info.plist */,
				57DC0E0425CCE28A00B1EF6B /* Preview Content */,
			);
			path = "SwiftUI-Weather";
			sourceTree = "<group>";
		};
		57DC0E0425CCE28A00B1EF6B /* Preview Content */ = {
			isa = PBXGroup;
			children = (
				57DC0E0525CCE28A00B1EF6B /* Preview Assets.xcassets */,
			);
			path = "Preview Content";
			sourceTree = "<group>";
		};
		57DC0E0F25CCE28A00B1EF6B /* SwiftUI-WeatherTests */ = {
			isa = PBXGroup;
			children = (
				57DC0E1025CCE28A00B1EF6B /* SwiftUI_WeatherTests.swift */,
				57DC0E1225CCE28A00B1EF6B /* Info.plist */,
			);
			path = "SwiftUI-WeatherTests";
			sourceTree = "<group>";
		};
		57DC0E1A25CCE28A00B1EF6B /* SwiftUI-WeatherUITests */ = {
			isa = PBXGroup;
			children = (
				57DC0E1B25CCE28A00B1EF6B /* SwiftUI_WeatherUITests.swift */,
				57DC0E1D25CCE28A00B1EF6B /* Info.plist */,
			);
			path = "SwiftUI-WeatherUITests";
			sourceTree = "<group>";
		};
/* End PBXGroup section */

/* Begin PBXNativeTarget section */
		57DC0DFA25CCE28900B1EF6B /* SwiftUI-Weather */ = {
			isa = PBXNativeTarget;
			buildConfigurationList = 57DC0E2025CCE28A00B1EF6B /* Build configuration list for PBXNativeTarget "SwiftUI-Weather" */;
			buildPhases = (
				57DC0DF725CCE28900B1EF6B /* Sources */,
				57DC0DF825CCE28900B1EF6B /* Frameworks */,
				57DC0DF925CCE28900B1EF6B /* Resources */,
			);
			buildRules = (
			);
			dependencies = (
			);
			name = "SwiftUI-Weather";
			productName = "SwiftUI-Weather";
			productReference = 57DC0DFB25CCE28900B1EF6B /* SwiftUI-Weather.app */;
			productType = "com.apple.product-type.application";
		};
		57DC0E0B25CCE28A00B1EF6B /* SwiftUI-WeatherTests */ = {
			isa = PBXNativeTarget;
			buildConfigurationList = 57DC0E2325CCE28A00B1EF6B /* Build configuration list for PBXNativeTarget "SwiftUI-WeatherTests" */;
			buildPhases = (
				57DC0E0825CCE28A00B1EF6B /* Sources */,
				57DC0E0925CCE28A00B1EF6B /* Frameworks */,
				57DC0E0A25CCE28A00B1EF6B /* Resources */,
			);
			buildRules = (
			);
			dependencies = (
				57DC0E0E25CCE28A00B1EF6B /* PBXTargetDependency */,
			);
			name = "SwiftUI-WeatherTests";
			productName = "SwiftUI-WeatherTests";
			productReference = 57DC0E0C25CCE28A00B1EF6B /* SwiftUI-WeatherTests.xctest */;
			productType = "com.apple.product-type.bundle.unit-test";
		};
		57DC0E1625CCE28A00B1EF6B /* SwiftUI-WeatherUITests */ = {
			isa = PBXNativeTarget;
			buildConfigurationList = 57DC0E2625CCE28A00B1EF6B /* Build configuration list for PBXNativeTarget "SwiftUI-WeatherUITests" */;
			buildPhases = (
				57DC0E1325CCE28A00B1EF6B /* Sources */,
				57DC0E1425CCE28A00B1EF6B /* Frameworks */,
				57DC0E1525CCE28A00B1EF6B /* Resources */,
			);
			buildRules = (
			);
			dependencies = (
				57DC0E1925CCE28A00B1EF6B /* PBXTargetDependency */,
			);
			name = "SwiftUI-WeatherUITests";
			productName = "SwiftUI-WeatherUITests";
			productReference = 57DC0E1725CCE28A00B1EF6B /* SwiftUI-WeatherUITests.xctest */;
			productType = "com.apple.product-type.bundle.ui-testing";
		};
/* End PBXNativeTarget section */

/* Begin PBXProject section */
		57DC0DF325CCE28900B1EF6B /* Project object */ = {
			isa = PBXProject;
			attributes = {
				LastSwiftUpdateCheck = 1240;
				LastUpgradeCheck = 1240;
				TargetAttributes = {
					57DC0DFA25CCE28900B1EF6B = {
						CreatedOnToolsVersion = 12.4;
					};
					57DC0E0B25CCE28A00B1EF6B = {
						CreatedOnToolsVersion = 12.4;
						TestTargetID = 57DC0DFA25CCE28900B1EF6B;
					};
					57DC0E1625CCE28A00B1EF6B = {
						CreatedOnToolsVersion = 12.4;
						TestTargetID = 57DC0DFA25CCE28900B1EF6B;
					};
				};
			};
			buildConfigurationList = 57DC0DF625CCE28900B1EF6B /* Build configuration list for PBXProject "SwiftUI-Weather" */;
			compatibilityVersion = "Xcode 9.3";
			developmentRegion = en;
			hasScannedForEncodings = 0;
			knownRegions = (
				en,
				Base,
			);
			mainGroup = 57DC0DF225CCE28900B1EF6B;
			productRefGroup = 57DC0DFC25CCE28900B1EF6B /* Products */;
			projectDirPath = "";
			projectRoot = "";
			targets = (
				57DC0DFA25CCE28900B1EF6B /* SwiftUI-Weather */,
				57DC0E0B25CCE28A00B1EF6B /* SwiftUI-WeatherTests */,
				57DC0E1625CCE28A00B1EF6B /* SwiftUI-WeatherUITests */,
			);
		};
/* End PBXProject section */

/* Begin PBXResourcesBuildPhase section */
		57DC0DF925CCE28900B1EF6B /* Resources */ = {
			isa = PBXResourcesBuildPhase;
			buildActionMask = 2147483647;
			files = (
				57DC0E0625CCE28A00B1EF6B /* Preview Assets.xcassets in Resources */,
				57DC0E0325CCE28A00B1EF6B /* Assets.xcassets in Resources */,
			);
			runOnlyForDeploymentPostprocessing = 0;
		};
		57DC0E0A25CCE28A00B1EF6B /* Resources */ = {
			isa = PBXResourcesBuildPhase;
			buildActionMask = 2147483647;
			files = (
			);
			runOnlyForDeploymentPostprocessing = 0;
		};
		57DC0E1525CCE28A00B1EF6B /* Resources */ = {
			isa = PBXResourcesBuildPhase;
			buildActionMask = 2147483647;
			files = (
			);
			runOnlyForDeploymentPostprocessing = 0;
		};
/* End PBXResourcesBuildPhase section */

/* Begin PBXSourcesBuildPhase section */
		57DC0DF725CCE28900B1EF6B /* Sources */ = {
			isa = PBXSourcesBuildPhase;
			buildActionMask = 2147483647;
			files = (
				57DC0E0125CCE28900B1EF6B /* ContentView.swift in Sources */,
				57DC0DFF25CCE28900B1EF6B /* SwiftUI_WeatherApp.swift in Sources */,
				57DC0E3225CD0FD900B1EF6B /* Day.swift in Sources */,
				57DC0E2D25CD0A1E00B1EF6B /* WeatherButton.swift in Sources */,
			);
			runOnlyForDeploymentPostprocessing = 0;
		};
		57DC0E0825CCE28A00B1EF6B /* Sources */ = {
			isa = PBXSourcesBuildPhase;
			buildActionMask = 2147483647;
			files = (
				57DC0E1125CCE28A00B1EF6B /* SwiftUI_WeatherTests.swift in Sources */,
			);
			runOnlyForDeploymentPostprocessing = 0;
		};
		57DC0E1325CCE28A00B1EF6B /* Sources */ = {
			isa = PBXSourcesBuildPhase;
			buildActionMask = 2147483647;
			files = (
				57DC0E1C25CCE28A00B1EF6B /* SwiftUI_WeatherUITests.swift in Sources */,
			);
			runOnlyForDeploymentPostprocessing = 0;
		};
/* End PBXSourcesBuildPhase section */

/* Begin PBXTargetDependency section */
		57DC0E0E25CCE28A00B1EF6B /* PBXTargetDependency */ = {
			isa = PBXTargetDependency;
			target = 57DC0DFA25CCE28900B1EF6B /* SwiftUI-Weather */;
			targetProxy = 57DC0E0D25CCE28A00B1EF6B /* PBXContainerItemProxy */;
		};
		57DC0E1925CCE28A00B1EF6B /* PBXTargetDependency */ = {
			isa = PBXTargetDependency;
			target = 57DC0DFA25CCE28900B1EF6B /* SwiftUI-Weather */;
			targetProxy = 57DC0E1825CCE28A00B1EF6B /* PBXContainerItemProxy */;
		};
/* End PBXTargetDependency section */

/* Begin XCBuildConfiguration section */
		57DC0E1E25CCE28A00B1EF6B /* Debug */ = {
			isa = XCBuildConfiguration;
			buildSettings = {
				ALWAYS_SEARCH_USER_PATHS = NO;
				CLANG_ANALYZER_NONNULL = YES;
				CLANG_ANALYZER_NUMBER_OBJECT_CONVERSION = YES_AGGRESSIVE;
				CLANG_CXX_LANGUAGE_STANDARD = "gnu++14";
				CLANG_CXX_LIBRARY = "libc++";
				CLANG_ENABLE_MODULES = YES;
				CLANG_ENABLE_OBJC_ARC = YES;
				CLANG_ENABLE_OBJC_WEAK = YES;
				CLANG_WARN_BLOCK_CAPTURE_AUTORELEASING = YES;
				CLANG_WARN_BOOL_CONVERSION = YES;
				CLANG_WARN_COMMA = YES;
				CLANG_WARN_CONSTANT_CONVERSION = YES;
				CLANG_WARN_DEPRECATED_OBJC_IMPLEMENTATIONS = YES;
				CLANG_WARN_DIRECT_OBJC_ISA_USAGE = YES_ERROR;
				CLANG_WARN_DOCUMENTATION_COMMENTS = YES;
				CLANG_WARN_EMPTY_BODY = YES;
				CLANG_WARN_ENUM_CONVERSION = YES;
				CLANG_WARN_INFINITE_RECURSION = YES;
				CLANG_WARN_INT_CONVERSION = YES;
				CLANG_WARN_NON_LITERAL_NULL_CONVERSION = YES;
				CLANG_WARN_OBJC_IMPLICIT_RETAIN_SELF = YES;
				CLANG_WARN_OBJC_LITERAL_CONVERSION = YES;
				CLANG_WARN_OBJC_ROOT_CLASS = YES_ERROR;
				CLANG_WARN_QUOTED_INCLUDE_IN_FRAMEWORK_HEADER = YES;
				CLANG_WARN_RANGE_LOOP_ANALYSIS = YES;
				CLANG_WARN_STRICT_PROTOTYPES = YES;
				CLANG_WARN_SUSPICIOUS_MOVE = YES;
				CLANG_WARN_UNGUARDED_AVAILABILITY = YES_AGGRESSIVE;
				CLANG_WARN_UNREACHABLE_CODE = YES;
				CLANG_WARN__DUPLICATE_METHOD_MATCH = YES;
				COPY_PHASE_STRIP = NO;
				DEBUG_INFORMATION_FORMAT = dwarf;
				ENABLE_STRICT_OBJC_MSGSEND = YES;
				ENABLE_TESTABILITY = YES;
				GCC_C_LANGUAGE_STANDARD = gnu11;
				GCC_DYNAMIC_NO_PIC = NO;
				GCC_NO_COMMON_BLOCKS = YES;
				GCC_OPTIMIZATION_LEVEL = 0;
				GCC_PREPROCESSOR_DEFINITIONS = (
					"DEBUG=1",
					"$(inherited)",
				);
				GCC_WARN_64_TO_32_BIT_CONVERSION = YES;
				GCC_WARN_ABOUT_RETURN_TYPE = YES_ERROR;
				GCC_WARN_UNDECLARED_SELECTOR = YES;
				GCC_WARN_UNINITIALIZED_AUTOS = YES_AGGRESSIVE;
				GCC_WARN_UNUSED_FUNCTION = YES;
				GCC_WARN_UNUSED_VARIABLE = YES;
				IPHONEOS_DEPLOYMENT_TARGET = 14.4;
				MTL_ENABLE_DEBUG_INFO = INCLUDE_SOURCE;
				MTL_FAST_MATH = YES;
				ONLY_ACTIVE_ARCH = YES;
				SDKROOT = iphoneos;
				SWIFT_ACTIVE_COMPILATION_CONDITIONS = DEBUG;
				SWIFT_OPTIMIZATION_LEVEL = "-Onone";
			};
			name = Debug;
		};
		57DC0E1F25CCE28A00B1EF6B /* Release */ = {
			isa = XCBuildConfiguration;
			buildSettings = {
				ALWAYS_SEARCH_USER_PATHS = NO;
				CLANG_ANALYZER_NONNULL = YES;
				CLANG_ANALYZER_NUMBER_OBJECT_CONVERSION = YES_AGGRESSIVE;
				CLANG_CXX_LANGUAGE_STANDARD = "gnu++14";
				CLANG_CXX_LIBRARY = "libc++";
				CLANG_ENABLE_MODULES = YES;
				CLANG_ENABLE_OBJC_ARC = YES;
				CLANG_ENABLE_OBJC_WEAK = YES;
				CLANG_WARN_BLOCK_CAPTURE_AUTORELEASING = YES;
				CLANG_WARN_BOOL_CONVERSION = YES;
				CLANG_WARN_COMMA = YES;
				CLANG_WARN_CONSTANT_CONVERSION = YES;
				CLANG_WARN_DEPRECATED_OBJC_IMPLEMENTATIONS = YES;
				CLANG_WARN_DIRECT_OBJC_ISA_USAGE = YES_ERROR;
				CLANG_WARN_DOCUMENTATION_COMMENTS = YES;
				CLANG_WARN_EMPTY_BODY = YES;
				CLANG_WARN_ENUM_CONVERSION = YES;
				CLANG_WARN_INFINITE_RECURSION = YES;
				CLANG_WARN_INT_CONVERSION = YES;
				CLANG_WARN_NON_LITERAL_NULL_CONVERSION = YES;
				CLANG_WARN_OBJC_IMPLICIT_RETAIN_SELF = YES;
				CLANG_WARN_OBJC_LITERAL_CONVERSION = YES;
				CLANG_WARN_OBJC_ROOT_CLASS = YES_ERROR;
				CLANG_WARN_QUOTED_INCLUDE_IN_FRAMEWORK_HEADER = YES;
				CLANG_WARN_RANGE_LOOP_ANALYSIS = YES;
				CLANG_WARN_STRICT_PROTOTYPES = YES;
				CLANG_WARN_SUSPICIOUS_MOVE = YES;
				CLANG_WARN_UNGUARDED_AVAILABILITY = YES_AGGRESSIVE;
				CLANG_WARN_UNREACHABLE_CODE = YES;
				CLANG_WARN__DUPLICATE_METHOD_MATCH = YES;
				COPY_PHASE_STRIP = NO;
				DEBUG_INFORMATION_FORMAT = "dwarf-with-dsym";
				ENABLE_NS_ASSERTIONS = NO;
				ENABLE_STRICT_OBJC_MSGSEND = YES;
				GCC_C_LANGUAGE_STANDARD = gnu11;
				GCC_NO_COMMON_BLOCKS = YES;
				GCC_WARN_64_TO_32_BIT_CONVERSION = YES;
				GCC_WARN_ABOUT_RETURN_TYPE = YES_ERROR;
				GCC_WARN_UNDECLARED_SELECTOR = YES;
				GCC_WARN_UNINITIALIZED_AUTOS = YES_AGGRESSIVE;
				GCC_WARN_UNUSED_FUNCTION = YES;
				GCC_WARN_UNUSED_VARIABLE = YES;
				IPHONEOS_DEPLOYMENT_TARGET = 14.4;
				MTL_ENABLE_DEBUG_INFO = NO;
				MTL_FAST_MATH = YES;
				SDKROOT = iphoneos;
				SWIFT_COMPILATION_MODE = wholemodule;
				SWIFT_OPTIMIZATION_LEVEL = "-O";
				VALIDATE_PRODUCT = YES;
			};
			name = Release;
		};
		57DC0E2125CCE28A00B1EF6B /* Debug */ = {
			isa = XCBuildConfiguration;
			buildSettings = {
				ASSETCATALOG_COMPILER_APPICON_NAME = AppIcon;
				ASSETCATALOG_COMPILER_GLOBAL_ACCENT_COLOR_NAME = AccentColor;
				CODE_SIGN_STYLE = Automatic;
				DEVELOPMENT_ASSET_PATHS = "\"SwiftUI-Weather/Preview Content\"";
				DEVELOPMENT_TEAM = 2UZBQ4Q9LW;
				ENABLE_PREVIEWS = YES;
				INFOPLIST_FILE = "SwiftUI-Weather/Info.plist";
				IPHONEOS_DEPLOYMENT_TARGET = 14.0;
				LD_RUNPATH_SEARCH_PATHS = (
					"$(inherited)",
					"@executable_path/Frameworks",
				);
				PRODUCT_BUNDLE_IDENTIFIER = "me.aleos.SwiftUI-Weather";
				PRODUCT_NAME = "$(TARGET_NAME)";
				SWIFT_VERSION = 5.0;
				TARGETED_DEVICE_FAMILY = "1,2";
			};
			name = Debug;
		};
		57DC0E2225CCE28A00B1EF6B /* Release */ = {
			isa = XCBuildConfiguration;
			buildSettings = {
				ASSETCATALOG_COMPILER_APPICON_NAME = AppIcon;
				ASSETCATALOG_COMPILER_GLOBAL_ACCENT_COLOR_NAME = AccentColor;
				CODE_SIGN_STYLE = Automatic;
				DEVELOPMENT_ASSET_PATHS = "\"SwiftUI-Weather/Preview Content\"";
				DEVELOPMENT_TEAM = 2UZBQ4Q9LW;
				ENABLE_PREVIEWS = YES;
				INFOPLIST_FILE = "SwiftUI-Weather/Info.plist";
				IPHONEOS_DEPLOYMENT_TARGET = 14.0;
				LD_RUNPATH_SEARCH_PATHS = (
					"$(inherited)",
					"@executable_path/Frameworks",
				);
				PRODUCT_BUNDLE_IDENTIFIER = "me.aleos.SwiftUI-Weather";
				PRODUCT_NAME = "$(TARGET_NAME)";
				SWIFT_VERSION = 5.0;
				TARGETED_DEVICE_FAMILY = "1,2";
			};
			name = Release;
		};
		57DC0E2425CCE28A00B1EF6B /* Debug */ = {
			isa = XCBuildConfiguration;
			buildSettings = {
				ALWAYS_EMBED_SWIFT_STANDARD_LIBRARIES = YES;
				BUNDLE_LOADER = "$(TEST_HOST)";
				CODE_SIGN_STYLE = Automatic;
				DEVELOPMENT_TEAM = 2UZBQ4Q9LW;
				INFOPLIST_FILE = "SwiftUI-WeatherTests/Info.plist";
				IPHONEOS_DEPLOYMENT_TARGET = 14.0;
				LD_RUNPATH_SEARCH_PATHS = (
					"$(inherited)",
					"@executable_path/Frameworks",
					"@loader_path/Frameworks",
				);
				PRODUCT_BUNDLE_IDENTIFIER = "me.aleos.SwiftUI-WeatherTests";
				PRODUCT_NAME = "$(TARGET_NAME)";
				SWIFT_VERSION = 5.0;
				TARGETED_DEVICE_FAMILY = "1,2";
				TEST_HOST = "$(BUILT_PRODUCTS_DIR)/SwiftUI-Weather.app/SwiftUI-Weather";
			};
			name = Debug;
		};
		57DC0E2525CCE28A00B1EF6B /* Release */ = {
			isa = XCBuildConfiguration;
			buildSettings = {
				ALWAYS_EMBED_SWIFT_STANDARD_LIBRARIES = YES;
				BUNDLE_LOADER = "$(TEST_HOST)";
				CODE_SIGN_STYLE = Automatic;
				DEVELOPMENT_TEAM = 2UZBQ4Q9LW;
				INFOPLIST_FILE = "SwiftUI-WeatherTests/Info.plist";
				IPHONEOS_DEPLOYMENT_TARGET = 14.0;
				LD_RUNPATH_SEARCH_PATHS = (
					"$(inherited)",
					"@executable_path/Frameworks",
					"@loader_path/Frameworks",
				);
				PRODUCT_BUNDLE_IDENTIFIER = "me.aleos.SwiftUI-WeatherTests";
				PRODUCT_NAME = "$(TARGET_NAME)";
				SWIFT_VERSION = 5.0;
				TARGETED_DEVICE_FAMILY = "1,2";
				TEST_HOST = "$(BUILT_PRODUCTS_DIR)/SwiftUI-Weather.app/SwiftUI-Weather";
			};
			name = Release;
		};
		57DC0E2725CCE28A00B1EF6B /* Debug */ = {
			isa = XCBuildConfiguration;
			buildSettings = {
				ALWAYS_EMBED_SWIFT_STANDARD_LIBRARIES = YES;
				CODE_SIGN_STYLE = Automatic;
				DEVELOPMENT_TEAM = 2UZBQ4Q9LW;
				INFOPLIST_FILE = "SwiftUI-WeatherUITests/Info.plist";
				LD_RUNPATH_SEARCH_PATHS = (
					"$(inherited)",
					"@executable_path/Frameworks",
					"@loader_path/Frameworks",
				);
				PRODUCT_BUNDLE_IDENTIFIER = "me.aleos.SwiftUI-WeatherUITests";
				PRODUCT_NAME = "$(TARGET_NAME)";
				SWIFT_VERSION = 5.0;
				TARGETED_DEVICE_FAMILY = "1,2";
				TEST_TARGET_NAME = "SwiftUI-Weather";
			};
			name = Debug;
		};
		57DC0E2825CCE28A00B1EF6B /* Release */ = {
			isa = XCBuildConfiguration;
			buildSettings = {
				ALWAYS_EMBED_SWIFT_STANDARD_LIBRARIES = YES;
				CODE_SIGN_STYLE = Automatic;
				DEVELOPMENT_TEAM = 2UZBQ4Q9LW;
				INFOPLIST_FILE = "SwiftUI-WeatherUITests/Info.plist";
				LD_RUNPATH_SEARCH_PATHS = (
					"$(inherited)",
					"@executable_path/Frameworks",
					"@loader_path/Frameworks",
				);
				PRODUCT_BUNDLE_IDENTIFIER = "me.aleos.SwiftUI-WeatherUITests";
				PRODUCT_NAME = "$(TARGET_NAME)";
				SWIFT_VERSION = 5.0;
				TARGETED_DEVICE_FAMILY = "1,2";
				TEST_TARGET_NAME = "SwiftUI-Weather";
			};
			name = Release;
		};
/* End XCBuildConfiguration section */

/* Begin XCConfigurationList section */
		57DC0DF625CCE28900B1EF6B /* Build configuration list for PBXProject "SwiftUI-Weather" */ = {
			isa = XCConfigurationList;
			buildConfigurations = (
				57DC0E1E25CCE28A00B1EF6B /* Debug */,
				57DC0E1F25CCE28A00B1EF6B /* Release */,
			);
			defaultConfigurationIsVisible = 0;
			defaultConfigurationName = Release;
		};
		57DC0E2025CCE28A00B1EF6B /* Build configuration list for PBXNativeTarget "SwiftUI-Weather" */ = {
			isa = XCConfigurationList;
			buildConfigurations = (
				57DC0E2125CCE28A00B1EF6B /* Debug */,
				57DC0E2225CCE28A00B1EF6B /* Release */,
			);
			defaultConfigurationIsVisible = 0;
			defaultConfigurationName = Release;
		};
		57DC0E2325CCE28A00B1EF6B /* Build configuration list for PBXNativeTarget "SwiftUI-WeatherTests" */ = {
			isa = XCConfigurationList;
			buildConfigurations = (
				57DC0E2425CCE28A00B1EF6B /* Debug */,
				57DC0E2525CCE28A00B1EF6B /* Release */,
			);
			defaultConfigurationIsVisible = 0;
			defaultConfigurationName = Release;
		};
		57DC0E2625CCE28A00B1EF6B /* Build configuration list for PBXNativeTarget "SwiftUI-WeatherUITests" */ = {
			isa = XCConfigurationList;
			buildConfigurations = (
				57DC0E2725CCE28A00B1EF6B /* Debug */,
				57DC0E2825CCE28A00B1EF6B /* Release */,
			);
			defaultConfigurationIsVisible = 0;
			defaultConfigurationName = Release;
		};
/* End XCConfigurationList section */
	};
	rootObject = 57DC0DF325CCE28900B1EF6B /* Project object */;
}
